// !$*UTF8*$!
{
	archiveVersion = 1;
	classes = {
	};
	objectVersion = 55;
	objects = {

/* Begin PBXBuildFile section */
		639C6F1440C48F618962701C /* Pods_OCRDemo_OCRDemoUITests.framework in Frameworks */ = {isa = PBXBuildFile; fileRef = 635B24305275287034182F81 /* Pods_OCRDemo_OCRDemoUITests.framework */; };
		A3F47ED22996E04900ED52E8 /* OCRDemoApp.swift in Sources */ = {isa = PBXBuildFile; fileRef = A3F47ED12996E04900ED52E8 /* OCRDemoApp.swift */; };
		A3F47ED42996E04900ED52E8 /* ContentView.swift in Sources */ = {isa = PBXBuildFile; fileRef = A3F47ED32996E04900ED52E8 /* ContentView.swift */; };
		A3F47ED62996E04A00ED52E8 /* Assets.xcassets in Resources */ = {isa = PBXBuildFile; fileRef = A3F47ED52996E04A00ED52E8 /* Assets.xcassets */; };
		A3F47ED92996E04A00ED52E8 /* Preview Assets.xcassets in Resources */ = {isa = PBXBuildFile; fileRef = A3F47ED82996E04A00ED52E8 /* Preview Assets.xcassets */; };
		A3F47EE32996E04A00ED52E8 /* OCRDemoTests.swift in Sources */ = {isa = PBXBuildFile; fileRef = A3F47EE22996E04A00ED52E8 /* OCRDemoTests.swift */; };
		A3F47EED2996E04A00ED52E8 /* OCRDemoUITests.swift in Sources */ = {isa = PBXBuildFile; fileRef = A3F47EEC2996E04A00ED52E8 /* OCRDemoUITests.swift */; };
		A3F47EEF2996E04A00ED52E8 /* OCRDemoUITestsLaunchTests.swift in Sources */ = {isa = PBXBuildFile; fileRef = A3F47EEE2996E04A00ED52E8 /* OCRDemoUITestsLaunchTests.swift */; };
		A8C0CEE7EC6544517599E2E2 /* Pods_OCRDemo.framework in Frameworks */ = {isa = PBXBuildFile; fileRef = 6BEAEC5351E76A1540221258 /* Pods_OCRDemo.framework */; };
		DF6D488150F4137177EADE74 /* Pods_OCRDemoTests.framework in Frameworks */ = {isa = PBXBuildFile; fileRef = D586E1885D4F730DE80BCF35 /* Pods_OCRDemoTests.framework */; };
/* End PBXBuildFile section */

/* Begin PBXContainerItemProxy section */
		A3F47EDF2996E04A00ED52E8 /* PBXContainerItemProxy */ = {
			isa = PBXContainerItemProxy;
			containerPortal = A3F47EC62996E04900ED52E8 /* Project object */;
			proxyType = 1;
			remoteGlobalIDString = A3F47ECD2996E04900ED52E8;
			remoteInfo = OCRDemo;
		};
		A3F47EE92996E04A00ED52E8 /* PBXContainerItemProxy */ = {
			isa = PBXContainerItemProxy;
			containerPortal = A3F47EC62996E04900ED52E8 /* Project object */;
			proxyType = 1;
			remoteGlobalIDString = A3F47ECD2996E04900ED52E8;
			remoteInfo = OCRDemo;
		};
/* End PBXContainerItemProxy section */

/* Begin PBXFileReference section */
		4D6506167DA7BCD5A303C452 /* Pods-OCRDemo-OCRDemoUITests.debug.xcconfig */ = {isa = PBXFileReference; includeInIndex = 1; lastKnownFileType = text.xcconfig; name = "Pods-OCRDemo-OCRDemoUITests.debug.xcconfig"; path = "Target Support Files/Pods-OCRDemo-OCRDemoUITests/Pods-OCRDemo-OCRDemoUITests.debug.xcconfig"; sourceTree = "<group>"; };
		58F00F2228BDD094E94FB1C4 /* Pods-OCRDemo.release.xcconfig */ = {isa = PBXFileReference; includeInIndex = 1; lastKnownFileType = text.xcconfig; name = "Pods-OCRDemo.release.xcconfig"; path = "Target Support Files/Pods-OCRDemo/Pods-OCRDemo.release.xcconfig"; sourceTree = "<group>"; };
		635B24305275287034182F81 /* Pods_OCRDemo_OCRDemoUITests.framework */ = {isa = PBXFileReference; explicitFileType = wrapper.framework; includeInIndex = 0; path = Pods_OCRDemo_OCRDemoUITests.framework; sourceTree = BUILT_PRODUCTS_DIR; };
		6BEAEC5351E76A1540221258 /* Pods_OCRDemo.framework */ = {isa = PBXFileReference; explicitFileType = wrapper.framework; includeInIndex = 0; path = Pods_OCRDemo.framework; sourceTree = BUILT_PRODUCTS_DIR; };
		9502F8789A0B2680E54B649A /* Pods-OCRDemoTests.release.xcconfig */ = {isa = PBXFileReference; includeInIndex = 1; lastKnownFileType = text.xcconfig; name = "Pods-OCRDemoTests.release.xcconfig"; path = "Target Support Files/Pods-OCRDemoTests/Pods-OCRDemoTests.release.xcconfig"; sourceTree = "<group>"; };
		9B66022DB78C42A1AEA2A465 /* Pods-OCRDemoTests.debug.xcconfig */ = {isa = PBXFileReference; includeInIndex = 1; lastKnownFileType = text.xcconfig; name = "Pods-OCRDemoTests.debug.xcconfig"; path = "Target Support Files/Pods-OCRDemoTests/Pods-OCRDemoTests.debug.xcconfig"; sourceTree = "<group>"; };
		9E0C32E4EFA7EB8EF7D51237 /* Pods-OCRDemo-OCRDemoUITests.release.xcconfig */ = {isa = PBXFileReference; includeInIndex = 1; lastKnownFileType = text.xcconfig; name = "Pods-OCRDemo-OCRDemoUITests.release.xcconfig"; path = "Target Support Files/Pods-OCRDemo-OCRDemoUITests/Pods-OCRDemo-OCRDemoUITests.release.xcconfig"; sourceTree = "<group>"; };
		A3F47ECE2996E04900ED52E8 /* OCRDemo.app */ = {isa = PBXFileReference; explicitFileType = wrapper.application; includeInIndex = 0; path = OCRDemo.app; sourceTree = BUILT_PRODUCTS_DIR; };
		A3F47ED12996E04900ED52E8 /* OCRDemoApp.swift */ = {isa = PBXFileReference; lastKnownFileType = sourcecode.swift; path = OCRDemoApp.swift; sourceTree = "<group>"; };
		A3F47ED32996E04900ED52E8 /* ContentView.swift */ = {isa = PBXFileReference; lastKnownFileType = sourcecode.swift; path = ContentView.swift; sourceTree = "<group>"; };
		A3F47ED52996E04A00ED52E8 /* Assets.xcassets */ = {isa = PBXFileReference; lastKnownFileType = folder.assetcatalog; path = Assets.xcassets; sourceTree = "<group>"; };
		A3F47ED82996E04A00ED52E8 /* Preview Assets.xcassets */ = {isa = PBXFileReference; lastKnownFileType = folder.assetcatalog; path = "Preview Assets.xcassets"; sourceTree = "<group>"; };
		A3F47EDE2996E04A00ED52E8 /* OCRDemoTests.xctest */ = {isa = PBXFileReference; explicitFileType = wrapper.cfbundle; includeInIndex = 0; path = OCRDemoTests.xctest; sourceTree = BUILT_PRODUCTS_DIR; };
		A3F47EE22996E04A00ED52E8 /* OCRDemoTests.swift */ = {isa = PBXFileReference; lastKnownFileType = sourcecode.swift; path = OCRDemoTests.swift; sourceTree = "<group>"; };
		A3F47EE82996E04A00ED52E8 /* OCRDemoUITests.xctest */ = {isa = PBXFileReference; explicitFileType = wrapper.cfbundle; includeInIndex = 0; path = OCRDemoUITests.xctest; sourceTree = BUILT_PRODUCTS_DIR; };
		A3F47EEC2996E04A00ED52E8 /* OCRDemoUITests.swift */ = {isa = PBXFileReference; lastKnownFileType = sourcecode.swift; path = OCRDemoUITests.swift; sourceTree = "<group>"; };
		A3F47EEE2996E04A00ED52E8 /* OCRDemoUITestsLaunchTests.swift */ = {isa = PBXFileReference; lastKnownFileType = sourcecode.swift; path = OCRDemoUITestsLaunchTests.swift; sourceTree = "<group>"; };
		D586E1885D4F730DE80BCF35 /* Pods_OCRDemoTests.framework */ = {isa = PBXFileReference; explicitFileType = wrapper.framework; includeInIndex = 0; path = Pods_OCRDemoTests.framework; sourceTree = BUILT_PRODUCTS_DIR; };
		F07C54966004009BA515F505 /* Pods-OCRDemo.debug.xcconfig */ = {isa = PBXFileReference; includeInIndex = 1; lastKnownFileType = text.xcconfig; name = "Pods-OCRDemo.debug.xcconfig"; path = "Target Support Files/Pods-OCRDemo/Pods-OCRDemo.debug.xcconfig"; sourceTree = "<group>"; };
/* End PBXFileReference section */

/* Begin PBXFrameworksBuildPhase section */
		A3F47ECB2996E04900ED52E8 /* Frameworks */ = {
			isa = PBXFrameworksBuildPhase;
			buildActionMask = 2147483647;
			files = (
				A8C0CEE7EC6544517599E2E2 /* Pods_OCRDemo.framework in Frameworks */,
			);
			runOnlyForDeploymentPostprocessing = 0;
		};
		A3F47EDB2996E04A00ED52E8 /* Frameworks */ = {
			isa = PBXFrameworksBuildPhase;
			buildActionMask = 2147483647;
			files = (
				DF6D488150F4137177EADE74 /* Pods_OCRDemoTests.framework in Frameworks */,
			);
			runOnlyForDeploymentPostprocessing = 0;
		};
		A3F47EE52996E04A00ED52E8 /* Frameworks */ = {
			isa = PBXFrameworksBuildPhase;
			buildActionMask = 2147483647;
			files = (
				639C6F1440C48F618962701C /* Pods_OCRDemo_OCRDemoUITests.framework in Frameworks */,
			);
			runOnlyForDeploymentPostprocessing = 0;
		};
/* End PBXFrameworksBuildPhase section */

/* Begin PBXGroup section */
		926C64A1B0040D83FDB6EA78 /* Frameworks */ = {
			isa = PBXGroup;
			children = (
				6BEAEC5351E76A1540221258 /* Pods_OCRDemo.framework */,
				635B24305275287034182F81 /* Pods_OCRDemo_OCRDemoUITests.framework */,
				D586E1885D4F730DE80BCF35 /* Pods_OCRDemoTests.framework */,
			);
			name = Frameworks;
			sourceTree = "<group>";
		};
		A3F47EC52996E04900ED52E8 = {
			isa = PBXGroup;
			children = (
				A3F47ED02996E04900ED52E8 /* OCRDemo */,
				A3F47EE12996E04A00ED52E8 /* OCRDemoTests */,
				A3F47EEB2996E04A00ED52E8 /* OCRDemoUITests */,
				A3F47ECF2996E04900ED52E8 /* Products */,
				E151881A9D567A260F1CDC57 /* Pods */,
				926C64A1B0040D83FDB6EA78 /* Frameworks */,
			);
			sourceTree = "<group>";
		};
		A3F47ECF2996E04900ED52E8 /* Products */ = {
			isa = PBXGroup;
			children = (
				A3F47ECE2996E04900ED52E8 /* OCRDemo.app */,
				A3F47EDE2996E04A00ED52E8 /* OCRDemoTests.xctest */,
				A3F47EE82996E04A00ED52E8 /* OCRDemoUITests.xctest */,
			);
			name = Products;
			sourceTree = "<group>";
		};
		A3F47ED02996E04900ED52E8 /* OCRDemo */ = {
			isa = PBXGroup;
			children = (
				A3F47ED12996E04900ED52E8 /* OCRDemoApp.swift */,
				A3F47ED32996E04900ED52E8 /* ContentView.swift */,
				A3F47ED52996E04A00ED52E8 /* Assets.xcassets */,
				A3F47ED72996E04A00ED52E8 /* Preview Content */,
			);
			path = OCRDemo;
			sourceTree = "<group>";
		};
		A3F47ED72996E04A00ED52E8 /* Preview Content */ = {
			isa = PBXGroup;
			children = (
				A3F47ED82996E04A00ED52E8 /* Preview Assets.xcassets */,
			);
			path = "Preview Content";
			sourceTree = "<group>";
		};
		A3F47EE12996E04A00ED52E8 /* OCRDemoTests */ = {
			isa = PBXGroup;
			children = (
				A3F47EE22996E04A00ED52E8 /* OCRDemoTests.swift */,
			);
			path = OCRDemoTests;
			sourceTree = "<group>";
		};
		A3F47EEB2996E04A00ED52E8 /* OCRDemoUITests */ = {
			isa = PBXGroup;
			children = (
				A3F47EEC2996E04A00ED52E8 /* OCRDemoUITests.swift */,
				A3F47EEE2996E04A00ED52E8 /* OCRDemoUITestsLaunchTests.swift */,
			);
			path = OCRDemoUITests;
			sourceTree = "<group>";
		};
		E151881A9D567A260F1CDC57 /* Pods */ = {
			isa = PBXGroup;
			children = (
				F07C54966004009BA515F505 /* Pods-OCRDemo.debug.xcconfig */,
				58F00F2228BDD094E94FB1C4 /* Pods-OCRDemo.release.xcconfig */,
				4D6506167DA7BCD5A303C452 /* Pods-OCRDemo-OCRDemoUITests.debug.xcconfig */,
				9E0C32E4EFA7EB8EF7D51237 /* Pods-OCRDemo-OCRDemoUITests.release.xcconfig */,
				9B66022DB78C42A1AEA2A465 /* Pods-OCRDemoTests.debug.xcconfig */,
				9502F8789A0B2680E54B649A /* Pods-OCRDemoTests.release.xcconfig */,
			);
			name = Pods;
			path = Pods;
			sourceTree = "<group>";
		};
/* End PBXGroup section */

/* Begin PBXNativeTarget section */
		A3F47ECD2996E04900ED52E8 /* OCRDemo */ = {
			isa = PBXNativeTarget;
			buildConfigurationList = A3F47EF22996E04A00ED52E8 /* Build configuration list for PBXNativeTarget "OCRDemo" */;
			buildPhases = (
				E511C6A7DF6F8AF5D1DE383C /* [CP] Check Pods Manifest.lock */,
				A3F47ECA2996E04900ED52E8 /* Sources */,
				A3F47ECB2996E04900ED52E8 /* Frameworks */,
				A3F47ECC2996E04900ED52E8 /* Resources */,
				79393331DC09D89780FD1DB9 /* [CP] Embed Pods Frameworks */,
				F7C8C99B66C33BE7B08CF74E /* [CP] Copy Pods Resources */,
			);
			buildRules = (
			);
			dependencies = (
			);
			name = OCRDemo;
			productName = OCRDemo;
			productReference = A3F47ECE2996E04900ED52E8 /* OCRDemo.app */;
			productType = "com.apple.product-type.application";
		};
		A3F47EDD2996E04A00ED52E8 /* OCRDemoTests */ = {
			isa = PBXNativeTarget;
			buildConfigurationList = A3F47EF52996E04A00ED52E8 /* Build configuration list for PBXNativeTarget "OCRDemoTests" */;
			buildPhases = (
				9761EEBD5D15FEAE46557076 /* [CP] Check Pods Manifest.lock */,
				A3F47EDA2996E04A00ED52E8 /* Sources */,
				A3F47EDB2996E04A00ED52E8 /* Frameworks */,
				A3F47EDC2996E04A00ED52E8 /* Resources */,
			);
			buildRules = (
			);
			dependencies = (
				A3F47EE02996E04A00ED52E8 /* PBXTargetDependency */,
			);
			name = OCRDemoTests;
			productName = OCRDemoTests;
			productReference = A3F47EDE2996E04A00ED52E8 /* OCRDemoTests.xctest */;
			productType = "com.apple.product-type.bundle.unit-test";
		};
		A3F47EE72996E04A00ED52E8 /* OCRDemoUITests */ = {
			isa = PBXNativeTarget;
			buildConfigurationList = A3F47EF82996E04A00ED52E8 /* Build configuration list for PBXNativeTarget "OCRDemoUITests" */;
			buildPhases = (
				FB0DCC59F11B951DCDEBDBEA /* [CP] Check Pods Manifest.lock */,
				A3F47EE42996E04A00ED52E8 /* Sources */,
				A3F47EE52996E04A00ED52E8 /* Frameworks */,
				A3F47EE62996E04A00ED52E8 /* Resources */,
				E18315726408954EE0D711A9 /* [CP] Embed Pods Frameworks */,
				637DB3B0813424A401DBA2A1 /* [CP] Copy Pods Resources */,
			);
			buildRules = (
			);
			dependencies = (
				A3F47EEA2996E04A00ED52E8 /* PBXTargetDependency */,
			);
			name = OCRDemoUITests;
			productName = OCRDemoUITests;
			productReference = A3F47EE82996E04A00ED52E8 /* OCRDemoUITests.xctest */;
			productType = "com.apple.product-type.bundle.ui-testing";
		};
/* End PBXNativeTarget section */

/* Begin PBXProject section */
		A3F47EC62996E04900ED52E8 /* Project object */ = {
			isa = PBXProject;
			attributes = {
				BuildIndependentTargetsInParallel = 1;
				LastSwiftUpdateCheck = 1330;
				LastUpgradeCheck = 1330;
				TargetAttributes = {
					A3F47ECD2996E04900ED52E8 = {
						CreatedOnToolsVersion = 13.3.1;
					};
					A3F47EDD2996E04A00ED52E8 = {
						CreatedOnToolsVersion = 13.3.1;
						TestTargetID = A3F47ECD2996E04900ED52E8;
					};
					A3F47EE72996E04A00ED52E8 = {
						CreatedOnToolsVersion = 13.3.1;
						TestTargetID = A3F47ECD2996E04900ED52E8;
					};
				};
			};
			buildConfigurationList = A3F47EC92996E04900ED52E8 /* Build configuration list for PBXProject "OCRDemo" */;
			compatibilityVersion = "Xcode 13.0";
			developmentRegion = en;
			hasScannedForEncodings = 0;
			knownRegions = (
				en,
				Base,
			);
			mainGroup = A3F47EC52996E04900ED52E8;
			productRefGroup = A3F47ECF2996E04900ED52E8 /* Products */;
			projectDirPath = "";
			projectRoot = "";
			targets = (
				A3F47ECD2996E04900ED52E8 /* OCRDemo */,
				A3F47EDD2996E04A00ED52E8 /* OCRDemoTests */,
				A3F47EE72996E04A00ED52E8 /* OCRDemoUITests */,
			);
		};
/* End PBXProject section */

/* Begin PBXResourcesBuildPhase section */
		A3F47ECC2996E04900ED52E8 /* Resources */ = {
			isa = PBXResourcesBuildPhase;
			buildActionMask = 2147483647;
			files = (
				A3F47ED92996E04A00ED52E8 /* Preview Assets.xcassets in Resources */,
				A3F47ED62996E04A00ED52E8 /* Assets.xcassets in Resources */,
			);
			runOnlyForDeploymentPostprocessing = 0;
		};
		A3F47EDC2996E04A00ED52E8 /* Resources */ = {
			isa = PBXResourcesBuildPhase;
			buildActionMask = 2147483647;
			files = (
			);
			runOnlyForDeploymentPostprocessing = 0;
		};
		A3F47EE62996E04A00ED52E8 /* Resources */ = {
			isa = PBXResourcesBuildPhase;
			buildActionMask = 2147483647;
			files = (
			);
			runOnlyForDeploymentPostprocessing = 0;
		};
/* End PBXResourcesBuildPhase section */

/* Begin PBXShellScriptBuildPhase section */
		637DB3B0813424A401DBA2A1 /* [CP] Copy Pods Resources */ = {
			isa = PBXShellScriptBuildPhase;
			buildActionMask = 2147483647;
			files = (
			);
			inputFileListPaths = (
				"${PODS_ROOT}/Target Support Files/Pods-OCRDemo-OCRDemoUITests/Pods-OCRDemo-OCRDemoUITests-resources-${CONFIGURATION}-input-files.xcfilelist",
			);
			name = "[CP] Copy Pods Resources";
			outputFileListPaths = (
				"${PODS_ROOT}/Target Support Files/Pods-OCRDemo-OCRDemoUITests/Pods-OCRDemo-OCRDemoUITests-resources-${CONFIGURATION}-output-files.xcfilelist",
			);
			runOnlyForDeploymentPostprocessing = 0;
			shellPath = /bin/sh;
			shellScript = "\"${PODS_ROOT}/Target Support Files/Pods-OCRDemo-OCRDemoUITests/Pods-OCRDemo-OCRDemoUITests-resources.sh\"\n";
			showEnvVarsInLog = 0;
		};
		79393331DC09D89780FD1DB9 /* [CP] Embed Pods Frameworks */ = {
			isa = PBXShellScriptBuildPhase;
			buildActionMask = 2147483647;
			files = (
			);
			inputFileListPaths = (
				"${PODS_ROOT}/Target Support Files/Pods-OCRDemo/Pods-OCRDemo-frameworks-${CONFIGURATION}-input-files.xcfilelist",
			);
			name = "[CP] Embed Pods Frameworks";
			outputFileListPaths = (
				"${PODS_ROOT}/Target Support Files/Pods-OCRDemo/Pods-OCRDemo-frameworks-${CONFIGURATION}-output-files.xcfilelist",
			);
			runOnlyForDeploymentPostprocessing = 0;
			shellPath = /bin/sh;
			shellScript = "\"${PODS_ROOT}/Target Support Files/Pods-OCRDemo/Pods-OCRDemo-frameworks.sh\"\n";
			showEnvVarsInLog = 0;
		};
		9761EEBD5D15FEAE46557076 /* [CP] Check Pods Manifest.lock */ = {
			isa = PBXShellScriptBuildPhase;
			buildActionMask = 2147483647;
			files = (
			);
			inputFileListPaths = (
			);
			inputPaths = (
				"${PODS_PODFILE_DIR_PATH}/Podfile.lock",
				"${PODS_ROOT}/Manifest.lock",
			);
			name = "[CP] Check Pods Manifest.lock";
			outputFileListPaths = (
			);
			outputPaths = (
				"$(DERIVED_FILE_DIR)/Pods-OCRDemoTests-checkManifestLockResult.txt",
			);
			runOnlyForDeploymentPostprocessing = 0;
			shellPath = /bin/sh;
			shellScript = "diff \"${PODS_PODFILE_DIR_PATH}/Podfile.lock\" \"${PODS_ROOT}/Manifest.lock\" > /dev/null\nif [ $? != 0 ] ; then\n    # print error to STDERR\n    echo \"error: The sandbox is not in sync with the Podfile.lock. Run 'pod install' or update your CocoaPods installation.\" >&2\n    exit 1\nfi\n# This output is used by Xcode 'outputs' to avoid re-running this script phase.\necho \"SUCCESS\" > \"${SCRIPT_OUTPUT_FILE_0}\"\n";
			showEnvVarsInLog = 0;
		};
		E18315726408954EE0D711A9 /* [CP] Embed Pods Frameworks */ = {
			isa = PBXShellScriptBuildPhase;
			buildActionMask = 2147483647;
			files = (
			);
			inputFileListPaths = (
				"${PODS_ROOT}/Target Support Files/Pods-OCRDemo-OCRDemoUITests/Pods-OCRDemo-OCRDemoUITests-frameworks-${CONFIGURATION}-input-files.xcfilelist",
			);
			name = "[CP] Embed Pods Frameworks";
			outputFileListPaths = (
				"${PODS_ROOT}/Target Support Files/Pods-OCRDemo-OCRDemoUITests/Pods-OCRDemo-OCRDemoUITests-frameworks-${CONFIGURATION}-output-files.xcfilelist",
			);
			runOnlyForDeploymentPostprocessing = 0;
			shellPath = /bin/sh;
			shellScript = "\"${PODS_ROOT}/Target Support Files/Pods-OCRDemo-OCRDemoUITests/Pods-OCRDemo-OCRDemoUITests-frameworks.sh\"\n";
			showEnvVarsInLog = 0;
		};
		E511C6A7DF6F8AF5D1DE383C /* [CP] Check Pods Manifest.lock */ = {
			isa = PBXShellScriptBuildPhase;
			buildActionMask = 2147483647;
			files = (
			);
			inputFileListPaths = (
			);
			inputPaths = (
				"${PODS_PODFILE_DIR_PATH}/Podfile.lock",
				"${PODS_ROOT}/Manifest.lock",
			);
			name = "[CP] Check Pods Manifest.lock";
			outputFileListPaths = (
			);
			outputPaths = (
				"$(DERIVED_FILE_DIR)/Pods-OCRDemo-checkManifestLockResult.txt",
			);
			runOnlyForDeploymentPostprocessing = 0;
			shellPath = /bin/sh;
			shellScript = "diff \"${PODS_PODFILE_DIR_PATH}/Podfile.lock\" \"${PODS_ROOT}/Manifest.lock\" > /dev/null\nif [ $? != 0 ] ; then\n    # print error to STDERR\n    echo \"error: The sandbox is not in sync with the Podfile.lock. Run 'pod install' or update your CocoaPods installation.\" >&2\n    exit 1\nfi\n# This output is used by Xcode 'outputs' to avoid re-running this script phase.\necho \"SUCCESS\" > \"${SCRIPT_OUTPUT_FILE_0}\"\n";
			showEnvVarsInLog = 0;
		};
		F7C8C99B66C33BE7B08CF74E /* [CP] Copy Pods Resources */ = {
			isa = PBXShellScriptBuildPhase;
			buildActionMask = 2147483647;
			files = (
			);
			inputFileListPaths = (
				"${PODS_ROOT}/Target Support Files/Pods-OCRDemo/Pods-OCRDemo-resources-${CONFIGURATION}-input-files.xcfilelist",
			);
			name = "[CP] Copy Pods Resources";
			outputFileListPaths = (
				"${PODS_ROOT}/Target Support Files/Pods-OCRDemo/Pods-OCRDemo-resources-${CONFIGURATION}-output-files.xcfilelist",
			);
			runOnlyForDeploymentPostprocessing = 0;
			shellPath = /bin/sh;
			shellScript = "\"${PODS_ROOT}/Target Support Files/Pods-OCRDemo/Pods-OCRDemo-resources.sh\"\n";
			showEnvVarsInLog = 0;
		};
		FB0DCC59F11B951DCDEBDBEA /* [CP] Check Pods Manifest.lock */ = {
			isa = PBXShellScriptBuildPhase;
			buildActionMask = 2147483647;
			files = (
			);
			inputFileListPaths = (
			);
			inputPaths = (
				"${PODS_PODFILE_DIR_PATH}/Podfile.lock",
				"${PODS_ROOT}/Manifest.lock",
			);
			name = "[CP] Check Pods Manifest.lock";
			outputFileListPaths = (
			);
			outputPaths = (
				"$(DERIVED_FILE_DIR)/Pods-OCRDemo-OCRDemoUITests-checkManifestLockResult.txt",
			);
			runOnlyForDeploymentPostprocessing = 0;
			shellPath = /bin/sh;
			shellScript = "diff \"${PODS_PODFILE_DIR_PATH}/Podfile.lock\" \"${PODS_ROOT}/Manifest.lock\" > /dev/null\nif [ $? != 0 ] ; then\n    # print error to STDERR\n    echo \"error: The sandbox is not in sync with the Podfile.lock. Run 'pod install' or update your CocoaPods installation.\" >&2\n    exit 1\nfi\n# This output is used by Xcode 'outputs' to avoid re-running this script phase.\necho \"SUCCESS\" > \"${SCRIPT_OUTPUT_FILE_0}\"\n";
			showEnvVarsInLog = 0;
		};
/* End PBXShellScriptBuildPhase section */

/* Begin PBXSourcesBuildPhase section */
		A3F47ECA2996E04900ED52E8 /* Sources */ = {
			isa = PBXSourcesBuildPhase;
			buildActionMask = 2147483647;
			files = (
				A3F47ED42996E04900ED52E8 /* ContentView.swift in Sources */,
				A3F47ED22996E04900ED52E8 /* OCRDemoApp.swift in Sources */,
			);
			runOnlyForDeploymentPostprocessing = 0;
		};
		A3F47EDA2996E04A00ED52E8 /* Sources */ = {
			isa = PBXSourcesBuildPhase;
			buildActionMask = 2147483647;
			files = (
				A3F47EE32996E04A00ED52E8 /* OCRDemoTests.swift in Sources */,
			);
			runOnlyForDeploymentPostprocessing = 0;
		};
		A3F47EE42996E04A00ED52E8 /* Sources */ = {
			isa = PBXSourcesBuildPhase;
			buildActionMask = 2147483647;
			files = (
				A3F47EEF2996E04A00ED52E8 /* OCRDemoUITestsLaunchTests.swift in Sources */,
				A3F47EED2996E04A00ED52E8 /* OCRDemoUITests.swift in Sources */,
			);
			runOnlyForDeploymentPostprocessing = 0;
		};
/* End PBXSourcesBuildPhase section */

/* Begin PBXTargetDependency section */
		A3F47EE02996E04A00ED52E8 /* PBXTargetDependency */ = {
			isa = PBXTargetDependency;
			target = A3F47ECD2996E04900ED52E8 /* OCRDemo */;
			targetProxy = A3F47EDF2996E04A00ED52E8 /* PBXContainerItemProxy */;
		};
		A3F47EEA2996E04A00ED52E8 /* PBXTargetDependency */ = {
			isa = PBXTargetDependency;
			target = A3F47ECD2996E04900ED52E8 /* OCRDemo */;
			targetProxy = A3F47EE92996E04A00ED52E8 /* PBXContainerItemProxy */;
		};
/* End PBXTargetDependency section */

/* Begin XCBuildConfiguration section */
		A3F47EF02996E04A00ED52E8 /* Debug */ = {
			isa = XCBuildConfiguration;
			buildSettings = {
				ALWAYS_SEARCH_USER_PATHS = NO;
				CLANG_ANALYZER_NONNULL = YES;
				CLANG_ANALYZER_NUMBER_OBJECT_CONVERSION = YES_AGGRESSIVE;
				CLANG_CXX_LANGUAGE_STANDARD = "gnu++17";
				CLANG_ENABLE_MODULES = YES;
				CLANG_ENABLE_OBJC_ARC = YES;
				CLANG_ENABLE_OBJC_WEAK = YES;
				CLANG_WARN_BLOCK_CAPTURE_AUTORELEASING = YES;
				CLANG_WARN_BOOL_CONVERSION = YES;
				CLANG_WARN_COMMA = YES;
				CLANG_WARN_CONSTANT_CONVERSION = YES;
				CLANG_WARN_DEPRECATED_OBJC_IMPLEMENTATIONS = YES;
				CLANG_WARN_DIRECT_OBJC_ISA_USAGE = YES_ERROR;
				CLANG_WARN_DOCUMENTATION_COMMENTS = YES;
				CLANG_WARN_EMPTY_BODY = YES;
				CLANG_WARN_ENUM_CONVERSION = YES;
				CLANG_WARN_INFINITE_RECURSION = YES;
				CLANG_WARN_INT_CONVERSION = YES;
				CLANG_WARN_NON_LITERAL_NULL_CONVERSION = YES;
				CLANG_WARN_OBJC_IMPLICIT_RETAIN_SELF = YES;
				CLANG_WARN_OBJC_LITERAL_CONVERSION = YES;
				CLANG_WARN_OBJC_ROOT_CLASS = YES_ERROR;
				CLANG_WARN_QUOTED_INCLUDE_IN_FRAMEWORK_HEADER = YES;
				CLANG_WARN_RANGE_LOOP_ANALYSIS = YES;
				CLANG_WARN_STRICT_PROTOTYPES = YES;
				CLANG_WARN_SUSPICIOUS_MOVE = YES;
				CLANG_WARN_UNGUARDED_AVAILABILITY = YES_AGGRESSIVE;
				CLANG_WARN_UNREACHABLE_CODE = YES;
				CLANG_WARN__DUPLICATE_METHOD_MATCH = YES;
				COPY_PHASE_STRIP = NO;
				DEBUG_INFORMATION_FORMAT = dwarf;
				ENABLE_STRICT_OBJC_MSGSEND = YES;
				ENABLE_TESTABILITY = YES;
				GCC_C_LANGUAGE_STANDARD = gnu11;
				GCC_DYNAMIC_NO_PIC = NO;
				GCC_NO_COMMON_BLOCKS = YES;
				GCC_OPTIMIZATION_LEVEL = 0;
				GCC_PREPROCESSOR_DEFINITIONS = (
					"DEBUG=1",
					"$(inherited)",
				);
				GCC_WARN_64_TO_32_BIT_CONVERSION = YES;
				GCC_WARN_ABOUT_RETURN_TYPE = YES_ERROR;
				GCC_WARN_UNDECLARED_SELECTOR = YES;
				GCC_WARN_UNINITIALIZED_AUTOS = YES_AGGRESSIVE;
				GCC_WARN_UNUSED_FUNCTION = YES;
				GCC_WARN_UNUSED_VARIABLE = YES;
				IPHONEOS_DEPLOYMENT_TARGET = 15.4;
				MTL_ENABLE_DEBUG_INFO = INCLUDE_SOURCE;
				MTL_FAST_MATH = YES;
				ONLY_ACTIVE_ARCH = YES;
				SDKROOT = iphoneos;
				SWIFT_ACTIVE_COMPILATION_CONDITIONS = DEBUG;
				SWIFT_OPTIMIZATION_LEVEL = "-Onone";
			};
			name = Debug;
		};
		A3F47EF12996E04A00ED52E8 /* Release */ = {
			isa = XCBuildConfiguration;
			buildSettings = {
				ALWAYS_SEARCH_USER_PATHS = NO;
				CLANG_ANALYZER_NONNULL = YES;
				CLANG_ANALYZER_NUMBER_OBJECT_CONVERSION = YES_AGGRESSIVE;
				CLANG_CXX_LANGUAGE_STANDARD = "gnu++17";
				CLANG_ENABLE_MODULES = YES;
				CLANG_ENABLE_OBJC_ARC = YES;
				CLANG_ENABLE_OBJC_WEAK = YES;
				CLANG_WARN_BLOCK_CAPTURE_AUTORELEASING = YES;
				CLANG_WARN_BOOL_CONVERSION = YES;
				CLANG_WARN_COMMA = YES;
				CLANG_WARN_CONSTANT_CONVERSION = YES;
				CLANG_WARN_DEPRECATED_OBJC_IMPLEMENTATIONS = YES;
				CLANG_WARN_DIRECT_OBJC_ISA_USAGE = YES_ERROR;
				CLANG_WARN_DOCUMENTATION_COMMENTS = YES;
				CLANG_WARN_EMPTY_BODY = YES;
				CLANG_WARN_ENUM_CONVERSION = YES;
				CLANG_WARN_INFINITE_RECURSION = YES;
				CLANG_WARN_INT_CONVERSION = YES;
				CLANG_WARN_NON_LITERAL_NULL_CONVERSION = YES;
				CLANG_WARN_OBJC_IMPLICIT_RETAIN_SELF = YES;
				CLANG_WARN_OBJC_LITERAL_CONVERSION = YES;
				CLANG_WARN_OBJC_ROOT_CLASS = YES_ERROR;
				CLANG_WARN_QUOTED_INCLUDE_IN_FRAMEWORK_HEADER = YES;
				CLANG_WARN_RANGE_LOOP_ANALYSIS = YES;
				CLANG_WARN_STRICT_PROTOTYPES = YES;
				CLANG_WARN_SUSPICIOUS_MOVE = YES;
				CLANG_WARN_UNGUARDED_AVAILABILITY = YES_AGGRESSIVE;
				CLANG_WARN_UNREACHABLE_CODE = YES;
				CLANG_WARN__DUPLICATE_METHOD_MATCH = YES;
				COPY_PHASE_STRIP = NO;
				DEBUG_INFORMATION_FORMAT = "dwarf-with-dsym";
				ENABLE_NS_ASSERTIONS = NO;
				ENABLE_STRICT_OBJC_MSGSEND = YES;
				GCC_C_LANGUAGE_STANDARD = gnu11;
				GCC_NO_COMMON_BLOCKS = YES;
				GCC_WARN_64_TO_32_BIT_CONVERSION = YES;
				GCC_WARN_ABOUT_RETURN_TYPE = YES_ERROR;
				GCC_WARN_UNDECLARED_SELECTOR = YES;
				GCC_WARN_UNINITIALIZED_AUTOS = YES_AGGRESSIVE;
				GCC_WARN_UNUSED_FUNCTION = YES;
				GCC_WARN_UNUSED_VARIABLE = YES;
				IPHONEOS_DEPLOYMENT_TARGET = 15.4;
				MTL_ENABLE_DEBUG_INFO = NO;
				MTL_FAST_MATH = YES;
				SDKROOT = iphoneos;
				SWIFT_COMPILATION_MODE = wholemodule;
				SWIFT_OPTIMIZATION_LEVEL = "-O";
				VALIDATE_PRODUCT = YES;
			};
			name = Release;
		};
		A3F47EF32996E04A00ED52E8 /* Debug */ = {
			isa = XCBuildConfiguration;
			baseConfigurationReference = F07C54966004009BA515F505 /* Pods-OCRDemo.debug.xcconfig */;
			buildSettings = {
				ASSETCATALOG_COMPILER_APPICON_NAME = AppIcon;
				ASSETCATALOG_COMPILER_GLOBAL_ACCENT_COLOR_NAME = AccentColor;
				CODE_SIGN_STYLE = Automatic;
				CURRENT_PROJECT_VERSION = 1;
				DEVELOPMENT_ASSET_PATHS = "\"OCRDemo/Preview Content\"";
				DEVELOPMENT_TEAM = MVMW3JB4NW;
				ENABLE_PREVIEWS = YES;
				GENERATE_INFOPLIST_FILE = YES;
				INFOPLIST_KEY_UIApplicationSceneManifest_Generation = YES;
				INFOPLIST_KEY_UIApplicationSupportsIndirectInputEvents = YES;
				INFOPLIST_KEY_UILaunchScreen_Generation = YES;
				INFOPLIST_KEY_UISupportedInterfaceOrientations_iPad = "UIInterfaceOrientationPortrait UIInterfaceOrientationPortraitUpsideDown UIInterfaceOrientationLandscapeLeft UIInterfaceOrientationLandscapeRight";
				INFOPLIST_KEY_UISupportedInterfaceOrientations_iPhone = "UIInterfaceOrientationPortrait UIInterfaceOrientationLandscapeLeft UIInterfaceOrientationLandscapeRight";
				LD_RUNPATH_SEARCH_PATHS = (
					"$(inherited)",
					"@executable_path/Frameworks",
				);
				MARKETING_VERSION = 1.0;
				PRODUCT_BUNDLE_IDENTIFIER = com.samwinslow.OCRDemo;
				PRODUCT_NAME = "$(TARGET_NAME)";
				SWIFT_EMIT_LOC_STRINGS = YES;
				SWIFT_VERSION = 5.0;
				TARGETED_DEVICE_FAMILY = "1,2";
			};
			name = Debug;
		};
		A3F47EF42996E04A00ED52E8 /* Release */ = {
			isa = XCBuildConfiguration;
			baseConfigurationReference = 58F00F2228BDD094E94FB1C4 /* Pods-OCRDemo.release.xcconfig */;
			buildSettings = {
				ASSETCATALOG_COMPILER_APPICON_NAME = AppIcon;
				ASSETCATALOG_COMPILER_GLOBAL_ACCENT_COLOR_NAME = AccentColor;
				CODE_SIGN_STYLE = Automatic;
				CURRENT_PROJECT_VERSION = 1;
				DEVELOPMENT_ASSET_PATHS = "\"OCRDemo/Preview Content\"";
				DEVELOPMENT_TEAM = MVMW3JB4NW;
				ENABLE_PREVIEWS = YES;
				GENERATE_INFOPLIST_FILE = YES;
				INFOPLIST_KEY_UIApplicationSceneManifest_Generation = YES;
				INFOPLIST_KEY_UIApplicationSupportsIndirectInputEvents = YES;
				INFOPLIST_KEY_UILaunchScreen_Generation = YES;
				INFOPLIST_KEY_UISupportedInterfaceOrientations_iPad = "UIInterfaceOrientationPortrait UIInterfaceOrientationPortraitUpsideDown UIInterfaceOrientationLandscapeLeft UIInterfaceOrientationLandscapeRight";
				INFOPLIST_KEY_UISupportedInterfaceOrientations_iPhone = "UIInterfaceOrientationPortrait UIInterfaceOrientationLandscapeLeft UIInterfaceOrientationLandscapeRight";
				LD_RUNPATH_SEARCH_PATHS = (
					"$(inherited)",
					"@executable_path/Frameworks",
				);
				MARKETING_VERSION = 1.0;
				PRODUCT_BUNDLE_IDENTIFIER = com.samwinslow.OCRDemo;
				PRODUCT_NAME = "$(TARGET_NAME)";
				SWIFT_EMIT_LOC_STRINGS = YES;
				SWIFT_VERSION = 5.0;
				TARGETED_DEVICE_FAMILY = "1,2";
			};
			name = Release;
		};
		A3F47EF62996E04A00ED52E8 /* Debug */ = {
			isa = XCBuildConfiguration;
			baseConfigurationReference = 9B66022DB78C42A1AEA2A465 /* Pods-OCRDemoTests.debug.xcconfig */;
			buildSettings = {
				ALWAYS_EMBED_SWIFT_STANDARD_LIBRARIES = YES;
				BUNDLE_LOADER = "$(TEST_HOST)";
				CODE_SIGN_STYLE = Automatic;
				CURRENT_PROJECT_VERSION = 1;
				DEVELOPMENT_TEAM = MVMW3JB4NW;
				GENERATE_INFOPLIST_FILE = YES;
				IPHONEOS_DEPLOYMENT_TARGET = 15.4;
				MARKETING_VERSION = 1.0;
				PRODUCT_BUNDLE_IDENTIFIER = com.samwinslow.OCRDemoTests;
				PRODUCT_NAME = "$(TARGET_NAME)";
				SWIFT_EMIT_LOC_STRINGS = NO;
				SWIFT_VERSION = 5.0;
				TARGETED_DEVICE_FAMILY = "1,2";
				TEST_HOST = "$(BUILT_PRODUCTS_DIR)/OCRDemo.app/OCRDemo";
			};
			name = Debug;
		};
		A3F47EF72996E04A00ED52E8 /* Release */ = {
			isa = XCBuildConfiguration;
			baseConfigurationReference = 9502F8789A0B2680E54B649A /* Pods-OCRDemoTests.release.xcconfig */;
			buildSettings = {
				ALWAYS_EMBED_SWIFT_STANDARD_LIBRARIES = YES;
				BUNDLE_LOADER = "$(TEST_HOST)";
				CODE_SIGN_STYLE = Automatic;
				CURRENT_PROJECT_VERSION = 1;
				DEVELOPMENT_TEAM = MVMW3JB4NW;
				GENERATE_INFOPLIST_FILE = YES;
				IPHONEOS_DEPLOYMENT_TARGET = 15.4;
				MARKETING_VERSION = 1.0;
				PRODUCT_BUNDLE_IDENTIFIER = com.samwinslow.OCRDemoTests;
				PRODUCT_NAME = "$(TARGET_NAME)";
				SWIFT_EMIT_LOC_STRINGS = NO;
				SWIFT_VERSION = 5.0;
				TARGETED_DEVICE_FAMILY = "1,2";
				TEST_HOST = "$(BUILT_PRODUCTS_DIR)/OCRDemo.app/OCRDemo";
			};
			name = Release;
		};
		A3F47EF92996E04A00ED52E8 /* Debug */ = {
			isa = XCBuildConfiguration;
			baseConfigurationReference = 4D6506167DA7BCD5A303C452 /* Pods-OCRDemo-OCRDemoUITests.debug.xcconfig */;
			buildSettings = {
				ALWAYS_EMBED_SWIFT_STANDARD_LIBRARIES = YES;
				CODE_SIGN_STYLE = Automatic;
				CURRENT_PROJECT_VERSION = 1;
				DEVELOPMENT_TEAM = MVMW3JB4NW;
				GENERATE_INFOPLIST_FILE = YES;
				MARKETING_VERSION = 1.0;
				PRODUCT_BUNDLE_IDENTIFIER = com.samwinslow.OCRDemoUITests;
				PRODUCT_NAME = "$(TARGET_NAME)";
				SWIFT_EMIT_LOC_STRINGS = NO;
				SWIFT_VERSION = 5.0;
				TARGETED_DEVICE_FAMILY = "1,2";
				TEST_TARGET_NAME = OCRDemo;
			};
			name = Debug;
		};
		A3F47EFA2996E04A00ED52E8 /* Release */ = {
			isa = XCBuildConfiguration;
			baseConfigurationReference = 9E0C32E4EFA7EB8EF7D51237 /* Pods-OCRDemo-OCRDemoUITests.release.xcconfig */;
			buildSettings = {
				ALWAYS_EMBED_SWIFT_STANDARD_LIBRARIES = YES;
				CODE_SIGN_STYLE = Automatic;
				CURRENT_PROJECT_VERSION = 1;
				DEVELOPMENT_TEAM = MVMW3JB4NW;
				GENERATE_INFOPLIST_FILE = YES;
				MARKETING_VERSION = 1.0;
				PRODUCT_BUNDLE_IDENTIFIER = com.samwinslow.OCRDemoUITests;
				PRODUCT_NAME = "$(TARGET_NAME)";
				SWIFT_EMIT_LOC_STRINGS = NO;
				SWIFT_VERSION = 5.0;
				TARGETED_DEVICE_FAMILY = "1,2";
				TEST_TARGET_NAME = OCRDemo;
			};
			name = Release;
		};
/* End XCBuildConfiguration section */

/* Begin XCConfigurationList section */
		A3F47EC92996E04900ED52E8 /* Build configuration list for PBXProject "OCRDemo" */ = {
			isa = XCConfigurationList;
			buildConfigurations = (
				A3F47EF02996E04A00ED52E8 /* Debug */,
				A3F47EF12996E04A00ED52E8 /* Release */,
			);
			defaultConfigurationIsVisible = 0;
			defaultConfigurationName = Release;
		};
		A3F47EF22996E04A00ED52E8 /* Build configuration list for PBXNativeTarget "OCRDemo" */ = {
			isa = XCConfigurationList;
			buildConfigurations = (
				A3F47EF32996E04A00ED52E8 /* Debug */,
				A3F47EF42996E04A00ED52E8 /* Release */,
			);
			defaultConfigurationIsVisible = 0;
			defaultConfigurationName = Release;
		};
		A3F47EF52996E04A00ED52E8 /* Build configuration list for PBXNativeTarget "OCRDemoTests" */ = {
			isa = XCConfigurationList;
			buildConfigurations = (
				A3F47EF62996E04A00ED52E8 /* Debug */,
				A3F47EF72996E04A00ED52E8 /* Release */,
			);
			defaultConfigurationIsVisible = 0;
			defaultConfigurationName = Release;
		};
		A3F47EF82996E04A00ED52E8 /* Build configuration list for PBXNativeTarget "OCRDemoUITests" */ = {
			isa = XCConfigurationList;
			buildConfigurations = (
				A3F47EF92996E04A00ED52E8 /* Debug */,
				A3F47EFA2996E04A00ED52E8 /* Release */,
			);
			defaultConfigurationIsVisible = 0;
			defaultConfigurationName = Release;
		};
/* End XCConfigurationList section */
	};
	rootObject = A3F47EC62996E04900ED52E8 /* Project object */;
}
